
Microsoft Visual Studio Solution File, Format Version 12.00
# Visual Studio Version 16
VisualStudioVersion = 16.0.30804.86
MinimumVisualStudioVersion = 10.0.40219.1
Project("{9A19103F-16F7-4668-BE54-9A1E7A4F7556}") = "AuthBasics", "AuthBasics.csproj", "{49CB1016-F3E8-45A1-983C-21CBE9DB0258}"
EndProject
Project("{9A19103F-16F7-4668-BE54-9A1E7A4F7556}") = "IdentityExample", "..\IdentityExample\IdentityExample.csproj", "{8A1AF935-14D5-4CF6-A219-6516AEE3EB66}"
EndProject
Global
	GlobalSection(SolutionConfigurationPlatforms) = preSolution
		Debug|Any CPU = Debug|Any CPU
		Release|Any CPU = Release|Any CPU
	EndGlobalSection
	GlobalSection(ProjectConfigurationPlatforms) = postSolution
		{49CB1016-F3E8-45A1-983C-21CBE9DB0258}.Debug|Any CPU.ActiveCfg = Debug|Any CPU
		{49CB1016-F3E8-45A1-983C-21CBE9DB0258}.Debug|Any CPU.Build.0 = Debug|Any CPU
		{49CB1016-F3E8-45A1-983C-21CBE9DB0258}.Release|Any CPU.ActiveCfg = Release|Any CPU
		{49CB1016-F3E8-45A1-983C-21CBE9DB0258}.Release|Any CPU.Build.0 = Release|Any CPU
		{8A1AF935-14D5-4CF6-A219-6516AEE3EB66}.Debug|Any CPU.ActiveCfg = Debug|Any CPU
		{8A1AF935-14D5-4CF6-A219-6516AEE3EB66}.Debug|Any CPU.Build.0 = Debug|Any CPU
		{8A1AF935-14D5-4CF6-A219-6516AEE3EB66}.Release|Any CPU.ActiveCfg = Release|Any CPU
		{8A1AF935-14D5-4CF6-A219-6516AEE3EB66}.Release|Any CPU.Build.0 = Release|Any CPU
	EndGlobalSection
	GlobalSection(SolutionProperties) = preSolution
		HideSolutionNode = FALSE
	EndGlobalSection
	GlobalSection(ExtensibilityGlobals) = postSolution
		SolutionGuid = {CAD6E837-43BD-46F4-ABEF-79A5ECD2999F}
	EndGlobalSection
EndGlobal
